{
  "name": "html&css example w.Responsive",
  "lockfileVersion": 2,
  "requires": true,
  "packages": {
    "": {
      "dependencies": {
        "@webcontainer/api": "^1.0.0"
      }
    },
    "node_modules/@webcontainer/api": {
      "version": "1.0.0",
      "resolved": "https://registry.npmjs.org/@webcontainer/api/-/api-1.0.0.tgz",
      "integrity": "sha512-1bHZ5svZFhdAMFI2apVlne56wiSUVF/aO1YErNOukeiSc3WO8Gap3c4uUvEezkPlGWpq07gF8n/8I1eNL+9M4Q=="
    }
  },
  "dependencies": {
    "@webcontainer/api": {
      "version": "1.0.0",
      "resolved": "https://registry.npmjs.org/@webcontainer/api/-/api-1.0.0.tgz",
      "integrity": "sha512-1bHZ5svZFhdAMFI2apVlne56wiSUVF/aO1YErNOukeiSc3WO8Gap3c4uUvEezkPlGWpq07gF8n/8I1eNL+9M4Q=="
    }
  }
}
